{
  "name": "@litko/yara-x",
  "version": "0.1.2",
  "lockfileVersion": 3,
  "requires": true,
  "packages": {
    "": {
      "name": "@litko/yara-x",
      "version": "0.1.2",
      "license": "MIT",
      "devDependencies": {
        "@napi-rs/cli": "^2.18.4",
        "@napi-rs/package-template": "^1.0.0",
        "@types/node": "^22.13.10"
      },
      "engines": {
        "node": ">= 20"
      },
      "optionalDependencies": {
        "@litko/yara-x-darwin-arm64": "0.1.2",
        "@litko/yara-x-darwin-x64": "0.1.2",
        "@litko/yara-x-linux-x64-gnu": "0.1.2"
      }
    },
    "node_modules/@litko/yara-x-darwin-arm64": {
      "version": "0.1.2",
      "resolved": "https://registry.npmjs.org/@litko/yara-x-darwin-arm64/-/yara-x-darwin-arm64-0.1.2.tgz",
      "integrity": "sha512-DAb99/9xa38/aqPRDYaMI5U9RAdaf6JOEgVE0rGMwmg8sH1A141Md6/D5kC0sO7h5+du1tLRH0t6pWnp7pb30w==",
      "cpu": [
        "arm64"
      ],
      "license": "MIT",
      "optional": true,
      "os": [
        "darwin"
      ],
      "engines": {
        "node": ">= 20"
      }
    },
    "node_modules/@litko/yara-x-darwin-x64": {
      "version": "0.1.2",
      "resolved": "https://registry.npmjs.org/@litko/yara-x-darwin-x64/-/yara-x-darwin-x64-0.1.2.tgz",
      "integrity": "sha512-nZTM9I6fvG5RQDujv7af8YIboC+UOyfmtW7rCPxvZIo9LdqQeMD+oA4gohM2HamIlLl9CrYhBCHJi3P1uYMS+A==",
      "cpu": [
        "x64"
      ],
      "license": "MIT",
      "optional": true,
      "os": [
        "darwin"
      ],
      "engines": {
        "node": ">= 20"
      }
    },
    "node_modules/@litko/yara-x-linux-x64-gnu": {
      "version": "0.1.2",
      "resolved": "https://registry.npmjs.org/@litko/yara-x-linux-x64-gnu/-/yara-x-linux-x64-gnu-0.1.2.tgz",
      "integrity": "sha512-7JyjjfqyBEgS1AxDByTJyVyyF1p1HFdvTRExhKq0E9ag40TGydPhgz9m3oNdLWstG4RZk2kBQ8OdR8kiLPDNUw==",
      "cpu": [
        "x64"
      ],
      "license": "MIT",
      "optional": true,
      "os": [
        "linux"
      ],
      "engines": {
        "node": ">= 20"
      }
    },
    "node_modules/@napi-rs/cli": {
      "version": "2.18.4",
      "resolved": "https://registry.npmjs.org/@napi-rs/cli/-/cli-2.18.4.tgz",
      "integrity": "sha512-SgJeA4df9DE2iAEpr3M2H0OKl/yjtg1BnRI5/JyowS71tUWhrfSu2LT0V3vlHET+g1hBVlrO60PmEXwUEKp8Mg==",
      "dev": true,
      "license": "MIT",
      "bin": {
        "napi": "scripts/index.js"
      },
      "engines": {
        "node": ">= 10"
      },
      "funding": {
        "type": "github",
        "url": "https://github.com/sponsors/Brooooooklyn"
      }
    },
    "node_modules/@napi-rs/package-template": {
      "version": "1.0.0",
      "resolved": "https://registry.npmjs.org/@napi-rs/package-template/-/package-template-1.0.0.tgz",
      "integrity": "sha512-0Pztdibtyq0UH9PxRzBZobWZ2kE2WqonolN/fDPJxUtyPrAwbLjTIzeYRSDfhyE1nInS3M4JnXznb1P+niov4g==",
      "dev": true,
      "license": "MIT",
      "dependencies": {
        "@node-rs/helper": "^1.0.0"
      },
      "engines": {
        "node": ">= 10"
      },
      "optionalDependencies": {
        "@napi-rs/package-template-android-arm64": "^1.0.0",
        "@napi-rs/package-template-darwin-arm64": "^1.0.0",
        "@napi-rs/package-template-darwin-x64": "^1.0.0",
        "@napi-rs/package-template-linux-arm-gnueabihf": "^1.0.0",
        "@napi-rs/package-template-linux-arm64-gnu": "^1.0.0",
        "@napi-rs/package-template-linux-x64-gnu": "^1.0.0",
        "@napi-rs/package-template-linux-x64-musl": "^1.0.0",
        "@napi-rs/package-template-win32-x64-msvc": "^1.0.0"
      }
    },
    "node_modules/@napi-rs/package-template-android-arm64": {
      "version": "1.0.0",
      "resolved": "https://registry.npmjs.org/@napi-rs/package-template-android-arm64/-/package-template-android-arm64-1.0.0.tgz",
      "integrity": "sha512-v2fYVpO912TpkLP19AfiXga5B1zYfx1yhRrDmKk9GKsi6qQe7tmjF6PrP2g/6q9suGjOdswc3qPEnqZaYeKydg==",
      "cpu": [
        "arm64"
      ],
      "dev": true,
      "license": "MIT",
      "optional": true,
      "os": [
        "android"
      ],
      "engines": {
        "node": ">= 10"
      }
    },
    "node_modules/@napi-rs/package-template-darwin-arm64": {
      "version": "1.0.0",
      "resolved": "https://registry.npmjs.org/@napi-rs/package-template-darwin-arm64/-/package-template-darwin-arm64-1.0.0.tgz",
      "integrity": "sha512-XmAPeY6245sCMeTuSPJUedzLkL/482ul+TAI0HAGiZvjqlwG0leFj2yZCzPaEW8J22ZBQuF6dLIRvtRxDESuBA==",
      "cpu": [
        "arm64"
      ],
      "dev": true,
      "license": "MIT",
      "optional": true,
      "os": [
        "darwin"
      ],
      "engines": {
        "node": ">= 10"
      }
    },
    "node_modules/@napi-rs/package-template-darwin-x64": {
      "version": "1.0.0",
      "resolved": "https://registry.npmjs.org/@napi-rs/package-template-darwin-x64/-/package-template-darwin-x64-1.0.0.tgz",
      "integrity": "sha512-NyENrvOmkVJT1L8gKqy+eTx4QSGkaHhDRunsCT0de60LGtkv+MwT06WSC3S9urccrjcZBtbKFXttwZheXAPg4w==",
      "cpu": [
        "x64"
      ],
      "dev": true,
      "license": "MIT",
      "optional": true,
      "os": [
        "darwin"
      ],
      "engines": {
        "node": ">= 10"
      }
    },
    "node_modules/@napi-rs/package-template-linux-arm-gnueabihf": {
      "version": "1.0.0",
      "resolved": "https://registry.npmjs.org/@napi-rs/package-template-linux-arm-gnueabihf/-/package-template-linux-arm-gnueabihf-1.0.0.tgz",
      "integrity": "sha512-IdqBpQfL59NTdOG4rYA7sVFNoaI/mh11HYObbfbmYVKlSHsB7kEWMkom1GRl7Xv97yeef9u7eXlatEKW+xLjBA==",
      "cpu": [
        "arm"
      ],
      "dev": true,
      "license": "MIT",
      "optional": true,
      "os": [
        "linux"
      ],
      "engines": {
        "node": ">= 10"
      }
    },
    "node_modules/@napi-rs/package-template-linux-arm64-gnu": {
      "version": "1.0.0",
      "resolved": "https://registry.npmjs.org/@napi-rs/package-template-linux-arm64-gnu/-/package-template-linux-arm64-gnu-1.0.0.tgz",
      "integrity": "sha512-6a4PDmOg8WLSMxKn+FkGB2VEmdz4Ki0+LqK6Gq0pCCl8BxChTLxOLzgnTaCQun6dvkYSGXWyl9E+MSvRTZWzvQ==",
      "cpu": [
        "arm64"
      ],
      "dev": true,
      "license": "MIT",
      "optional": true,
      "os": [
        "linux"
      ],
      "engines": {
        "node": ">= 10"
      }
    },
    "node_modules/@napi-rs/package-template-linux-x64-gnu": {
      "version": "1.0.0",
      "resolved": "https://registry.npmjs.org/@napi-rs/package-template-linux-x64-gnu/-/package-template-linux-x64-gnu-1.0.0.tgz",
      "integrity": "sha512-PiK0j3aXMZLiQp5X8UYu7RKolOzENKfsZI/a2cJLK1NYtxAX2ob/VMXXOE+lIKL60lbpCsytcoxxWC+5auOo7A==",
      "cpu": [
        "x64"
      ],
      "dev": true,
      "license": "MIT",
      "optional": true,
      "os": [
        "linux"
      ],
      "engines": {
        "node": ">= 10"
      }
    },
    "node_modules/@napi-rs/package-template-linux-x64-musl": {
      "version": "1.0.0",
      "resolved": "https://registry.npmjs.org/@napi-rs/package-template-linux-x64-musl/-/package-template-linux-x64-musl-1.0.0.tgz",
      "integrity": "sha512-OBjT+TM+HjAXEIEOMfhA4QMElGrzaTxxuIWO02tuhXFCUscRe9GCLUIutdcfjWRqVP4XE2hpb/r8sBFxnFWhTw==",
      "cpu": [
        "x64"
      ],
      "dev": true,
      "license": "MIT",
      "optional": true,
      "os": [
        "linux"
      ],
      "engines": {
        "node": ">= 10"
      }
    },
    "node_modules/@napi-rs/package-template-win32-x64-msvc": {
      "version": "1.0.0",
      "resolved": "https://registry.npmjs.org/@napi-rs/package-template-win32-x64-msvc/-/package-template-win32-x64-msvc-1.0.0.tgz",
      "integrity": "sha512-7IcCPhLLQzO1XctN7ckI1ZylGI62ptiVAWcr+Np8T/wmQlWn9SUY2MBxc+67VhKKVuGuz8dLPonoIQuHO5u/TQ==",
      "cpu": [
        "x64"
      ],
      "dev": true,
      "license": "MIT",
      "optional": true,
      "os": [
        "win32"
      ],
      "engines": {
        "node": ">= 10"
      }
    },
    "node_modules/@napi-rs/triples": {
      "version": "1.2.0",
      "resolved": "https://registry.npmjs.org/@napi-rs/triples/-/triples-1.2.0.tgz",
      "integrity": "sha512-HAPjR3bnCsdXBsATpDIP5WCrw0JcACwhhrwIAQhiR46n+jm+a2F8kBsfseAuWtSyQ+H3Yebt2k43B5dy+04yMA==",
      "dev": true,
      "license": "MIT"
    },
    "node_modules/@node-rs/helper": {
      "version": "1.6.0",
      "resolved": "https://registry.npmjs.org/@node-rs/helper/-/helper-1.6.0.tgz",
      "integrity": "sha512-2OTh/tokcLA1qom1zuCJm2gQzaZljCCbtX1YCrwRVd/toz7KxaDRFeLTAPwhs8m9hWgzrBn5rShRm6IaZofCPw==",
      "dev": true,
      "license": "MIT",
      "dependencies": {
        "@napi-rs/triples": "^1.2.0"
      }
    },
    "node_modules/@types/node": {
      "version": "22.15.24",
      "resolved": "https://registry.npmjs.org/@types/node/-/node-22.15.24.tgz",
      "integrity": "sha512-w9CZGm9RDjzTh/D+hFwlBJ3ziUaVw7oufKA3vOFSOZlzmW9AkZnfjPb+DLnrV6qtgL/LNmP0/2zBNCFHL3F0ng==",
      "dev": true,
      "license": "MIT",
      "dependencies": {
        "undici-types": "~6.21.0"
      }
    },
    "node_modules/undici-types": {
      "version": "6.21.0",
      "resolved": "https://registry.npmjs.org/undici-types/-/undici-types-6.21.0.tgz",
      "integrity": "sha512-iwDZqg0QAGrg9Rav5H4n0M64c3mkR59cJ6wQp+7C4nI0gsmExaedaYLNO44eT4AtBBwjbTiGPMlt2Md0T9H9JQ==",
      "dev": true,
      "license": "MIT"
    }
  }
}
